
Microsoft Visual Studio Solution File, Format Version 12.00
# Visual Studio Version 17
VisualStudioVersion = 17.0.32002.185
MinimumVisualStudioVersion = 10.0.40219.1
Project("{FAE04EC0-301F-11D3-BF4B-00C04F79EFBC}") = "DataBaseProject", "DataBaseProject\DataBaseProject.csproj", "{0CBB5204-2C13-4175-BFEA-7258CFB0FC54}"
EndProject
Global
	GlobalSection(SolutionConfigurationPlatforms) = preSolution
		Debug|Any CPU = Debug|Any CPU
		Release|Any CPU = Release|Any CPU
	EndGlobalSection
	GlobalSection(ProjectConfigurationPlatforms) = postSolution
		{0CBB5204-2C13-4175-BFEA-7258CFB0FC54}.Debug|Any CPU.ActiveCfg = Debug|Any CPU
		{0CBB5204-2C13-4175-BFEA-7258CFB0FC54}.Debug|Any CPU.Build.0 = Debug|Any CPU
		{0CBB5204-2C13-4175-BFEA-7258CFB0FC54}.Release|Any CPU.ActiveCfg = Release|Any CPU
		{0CBB5204-2C13-4175-BFEA-7258CFB0FC54}.Release|Any CPU.Build.0 = Release|Any CPU
	EndGlobalSection
	GlobalSection(SolutionProperties) = preSolution
		HideSolutionNode = FALSE
	EndGlobalSection
	GlobalSection(ExtensibilityGlobals) = postSolution
		SolutionGuid = {CD7FC02A-A18D-4291-8A9A-32E81BEE099B}
	EndGlobalSection
EndGlobal
